
Microsoft Visual Studio Solution File, Format Version 12.00
# Visual Studio Version 17
VisualStudioVersion = 17.4.33122.133
MinimumVisualStudioVersion = 10.0.40219.1
Project("{FAE04EC0-301F-11D3-BF4B-00C04F79EFBC}") = "facturacion", "facturacion\facturacion.csproj", "{4ED1DFC5-5360-4C86-A86A-52DDD80C39F1}"
EndProject
Global
	GlobalSection(SolutionConfigurationPlatforms) = preSolution
		Debug|Any CPU = Debug|Any CPU
		Release|Any CPU = Release|Any CPU
	EndGlobalSection
	GlobalSection(ProjectConfigurationPlatforms) = postSolution
		{4ED1DFC5-5360-4C86-A86A-52DDD80C39F1}.Debug|Any CPU.ActiveCfg = Debug|Any CPU
		{4ED1DFC5-5360-4C86-A86A-52DDD80C39F1}.Debug|Any CPU.Build.0 = Debug|Any CPU
		{4ED1DFC5-5360-4C86-A86A-52DDD80C39F1}.Release|Any CPU.ActiveCfg = Release|Any CPU
		{4ED1DFC5-5360-4C86-A86A-52DDD80C39F1}.Release|Any CPU.Build.0 = Release|Any CPU
	EndGlobalSection
	GlobalSection(SolutionProperties) = preSolution
		HideSolutionNode = FALSE
	EndGlobalSection
	GlobalSection(ExtensibilityGlobals) = postSolution
		SolutionGuid = {D06CAFCB-FF72-4704-9D88-B160A8214ED2}
	EndGlobalSection
EndGlobal
